
Microsoft Visual Studio Solution File, Format Version 12.00
# Visual Studio Version 17
VisualStudioVersion = 17.11.35222.181
MinimumVisualStudioVersion = 10.0.40219.1
Project("{888888A0-9F3D-457C-B088-3A5042F75D52}") = "Color Gradients", "Color Gradients.pyproj", "{0D4A7DD4-9DBF-47DE-9EE1-1C7ED8D7DD34}"
EndProject
Global
	GlobalSection(SolutionConfigurationPlatforms) = preSolution
		Debug|Any CPU = Debug|Any CPU
		Release|Any CPU = Release|Any CPU
	EndGlobalSection
	GlobalSection(ProjectConfigurationPlatforms) = postSolution
		{0D4A7DD4-9DBF-47DE-9EE1-1C7ED8D7DD34}.Debug|Any CPU.ActiveCfg = Debug|Any CPU
		{0D4A7DD4-9DBF-47DE-9EE1-1C7ED8D7DD34}.Release|Any CPU.ActiveCfg = Release|Any CPU
	EndGlobalSection
	GlobalSection(SolutionProperties) = preSolution
		HideSolutionNode = FALSE
	EndGlobalSection
	GlobalSection(ExtensibilityGlobals) = postSolution
		SolutionGuid = {85784F1A-C8ED-422A-9443-321890CD4473}
	EndGlobalSection
EndGlobal
